
Microsoft Visual Studio Solution File, Format Version 12.00
# Visual Studio Version 16
VisualStudioVersion = 16.0.31727.386
MinimumVisualStudioVersion = 10.0.40219.1
Project("{8BC9CEB8-8B4A-11D0-8D11-00A0C91BC942}") = "cmdline", "cmdline\cmdline.vcxproj", "{4976BFE5-1D66-47CF-9604-13738BB7D926}"
EndProject
Project("{8BC9CEB8-8B4A-11D0-8D11-00A0C91BC942}") = "cmdlinetest", "cmdlinetest\cmdlinetest.vcxproj", "{8CA2BDC8-685B-455E-97DB-2F6C70D84209}"
EndProject
Project("{8BC9CEB8-8B4A-11D0-8D11-00A0C91BC942}") = "testcmdline", "testcmdline\testcmdline.vcxproj", "{78F8DE36-2642-409A-8F49-E494DDB9368C}"
EndProject
Project("{8BC9CEB8-8B4A-11D0-8D11-00A0C91BC942}") = "ConsoleApplication1", "ConsoleApplication1\ConsoleApplication1.vcxproj", "{D3A3135B-DA9F-4767-9A9C-68EDEEE74EC8}"
EndProject
Project("{8BC9CEB8-8B4A-11D0-8D11-00A0C91BC942}") = "cmdline2", "cmdline2\cmdline2.vcxproj", "{EDFA8B91-DF6E-4374-93EC-198B40381573}"
EndProject
Global
	GlobalSection(SolutionConfigurationPlatforms) = preSolution
		Debug|x64 = Debug|x64
		Debug|x86 = Debug|x86
		Release|x64 = Release|x64
		Release|x86 = Release|x86
	EndGlobalSection
	GlobalSection(ProjectConfigurationPlatforms) = postSolution
		{4976BFE5-1D66-47CF-9604-13738BB7D926}.Debug|x64.ActiveCfg = Debug|x64
		{4976BFE5-1D66-47CF-9604-13738BB7D926}.Debug|x64.Build.0 = Debug|x64
		{4976BFE5-1D66-47CF-9604-13738BB7D926}.Debug|x86.ActiveCfg = Debug|Win32
		{4976BFE5-1D66-47CF-9604-13738BB7D926}.Debug|x86.Build.0 = Debug|Win32
		{4976BFE5-1D66-47CF-9604-13738BB7D926}.Release|x64.ActiveCfg = Release|x64
		{4976BFE5-1D66-47CF-9604-13738BB7D926}.Release|x64.Build.0 = Release|x64
		{4976BFE5-1D66-47CF-9604-13738BB7D926}.Release|x86.ActiveCfg = Release|Win32
		{4976BFE5-1D66-47CF-9604-13738BB7D926}.Release|x86.Build.0 = Release|Win32
		{8CA2BDC8-685B-455E-97DB-2F6C70D84209}.Debug|x64.ActiveCfg = Debug|x64
		{8CA2BDC8-685B-455E-97DB-2F6C70D84209}.Debug|x64.Build.0 = Debug|x64
		{8CA2BDC8-685B-455E-97DB-2F6C70D84209}.Debug|x86.ActiveCfg = Debug|Win32
		{8CA2BDC8-685B-455E-97DB-2F6C70D84209}.Debug|x86.Build.0 = Debug|Win32
		{8CA2BDC8-685B-455E-97DB-2F6C70D84209}.Release|x64.ActiveCfg = Release|x64
		{8CA2BDC8-685B-455E-97DB-2F6C70D84209}.Release|x64.Build.0 = Release|x64
		{8CA2BDC8-685B-455E-97DB-2F6C70D84209}.Release|x86.ActiveCfg = Release|Win32
		{8CA2BDC8-685B-455E-97DB-2F6C70D84209}.Release|x86.Build.0 = Release|Win32
		{78F8DE36-2642-409A-8F49-E494DDB9368C}.Debug|x64.ActiveCfg = Debug|x64
		{78F8DE36-2642-409A-8F49-E494DDB9368C}.Debug|x64.Build.0 = Debug|x64
		{78F8DE36-2642-409A-8F49-E494DDB9368C}.Debug|x86.ActiveCfg = Debug|Win32
		{78F8DE36-2642-409A-8F49-E494DDB9368C}.Debug|x86.Build.0 = Debug|Win32
		{78F8DE36-2642-409A-8F49-E494DDB9368C}.Release|x64.ActiveCfg = Release|x64
		{78F8DE36-2642-409A-8F49-E494DDB9368C}.Release|x64.Build.0 = Release|x64
		{78F8DE36-2642-409A-8F49-E494DDB9368C}.Release|x86.ActiveCfg = Release|Win32
		{78F8DE36-2642-409A-8F49-E494DDB9368C}.Release|x86.Build.0 = Release|Win32
		{D3A3135B-DA9F-4767-9A9C-68EDEEE74EC8}.Debug|x64.ActiveCfg = Debug|x64
		{D3A3135B-DA9F-4767-9A9C-68EDEEE74EC8}.Debug|x64.Build.0 = Debug|x64
		{D3A3135B-DA9F-4767-9A9C-68EDEEE74EC8}.Debug|x86.ActiveCfg = Debug|Win32
		{D3A3135B-DA9F-4767-9A9C-68EDEEE74EC8}.Debug|x86.Build.0 = Debug|Win32
		{D3A3135B-DA9F-4767-9A9C-68EDEEE74EC8}.Release|x64.ActiveCfg = Release|x64
		{D3A3135B-DA9F-4767-9A9C-68EDEEE74EC8}.Release|x64.Build.0 = Release|x64
		{D3A3135B-DA9F-4767-9A9C-68EDEEE74EC8}.Release|x86.ActiveCfg = Release|Win32
		{D3A3135B-DA9F-4767-9A9C-68EDEEE74EC8}.Release|x86.Build.0 = Release|Win32
		{EDFA8B91-DF6E-4374-93EC-198B40381573}.Debug|x64.ActiveCfg = Debug|x64
		{EDFA8B91-DF6E-4374-93EC-198B40381573}.Debug|x64.Build.0 = Debug|x64
		{EDFA8B91-DF6E-4374-93EC-198B40381573}.Debug|x86.ActiveCfg = Debug|Win32
		{EDFA8B91-DF6E-4374-93EC-198B40381573}.Debug|x86.Build.0 = Debug|Win32
		{EDFA8B91-DF6E-4374-93EC-198B40381573}.Release|x64.ActiveCfg = Release|x64
		{EDFA8B91-DF6E-4374-93EC-198B40381573}.Release|x64.Build.0 = Release|x64
		{EDFA8B91-DF6E-4374-93EC-198B40381573}.Release|x86.ActiveCfg = Release|Win32
		{EDFA8B91-DF6E-4374-93EC-198B40381573}.Release|x86.Build.0 = Release|Win32
	EndGlobalSection
	GlobalSection(SolutionProperties) = preSolution
		HideSolutionNode = FALSE
	EndGlobalSection
	GlobalSection(ExtensibilityGlobals) = postSolution
		SolutionGuid = {B06C3EE7-1801-4973-B49C-3A632490A67B}
	EndGlobalSection
EndGlobal
