
Microsoft Visual Studio Solution File, Format Version 12.00
# Visual Studio Version 16
VisualStudioVersion = 16.0.31727.386
MinimumVisualStudioVersion = 10.0.40219.1
Project("{8BC9CEB8-8B4A-11D0-8D11-00A0C91BC942}") = "testcmdline", "testcmdline\testcmdline.vcxproj", "{78F8DE36-2642-409A-8F49-E494DDB9368C}"
EndProject
Project("{8BC9CEB8-8B4A-11D0-8D11-00A0C91BC942}") = "drivercmdline_cpp", "drivercmdline_cpp\drivercmdline_cpp.vcxproj", "{FB0009BE-A9E9-45C5-AC2C-14270F1D691D}"
EndProject
Project("{8BC9CEB8-8B4A-11D0-8D11-00A0C91BC942}") = "libcmdline", "libcmdline\libcmdline.vcxproj", "{3CD8174E-514B-4F1A-9F33-130CEEF336EE}"
EndProject
Project("{8BC9CEB8-8B4A-11D0-8D11-00A0C91BC942}") = "drivercmdline_c", "drivercmdline_c\drivercmdline_c.vcxproj", "{07A3E777-DB0D-464B-BEA1-3329B037D63E}"
EndProject
Project("{8BC9CEB8-8B4A-11D0-8D11-00A0C91BC942}") = "sample_cpp", "sample_cpp\sample_cpp.vcxproj", "{62206043-08C7-4767-AB76-E4E27CB3C00D}"
EndProject
Global
	GlobalSection(SolutionConfigurationPlatforms) = preSolution
		Debug|x64 = Debug|x64
		Debug|x86 = Debug|x86
		Release|x64 = Release|x64
		Release|x86 = Release|x86
	EndGlobalSection
	GlobalSection(ProjectConfigurationPlatforms) = postSolution
		{78F8DE36-2642-409A-8F49-E494DDB9368C}.Debug|x64.ActiveCfg = Debug|x64
		{78F8DE36-2642-409A-8F49-E494DDB9368C}.Debug|x64.Build.0 = Debug|x64
		{78F8DE36-2642-409A-8F49-E494DDB9368C}.Debug|x86.ActiveCfg = Debug|Win32
		{78F8DE36-2642-409A-8F49-E494DDB9368C}.Debug|x86.Build.0 = Debug|Win32
		{78F8DE36-2642-409A-8F49-E494DDB9368C}.Release|x64.ActiveCfg = Release|x64
		{78F8DE36-2642-409A-8F49-E494DDB9368C}.Release|x64.Build.0 = Release|x64
		{78F8DE36-2642-409A-8F49-E494DDB9368C}.Release|x86.ActiveCfg = Release|Win32
		{78F8DE36-2642-409A-8F49-E494DDB9368C}.Release|x86.Build.0 = Release|Win32
		{FB0009BE-A9E9-45C5-AC2C-14270F1D691D}.Debug|x64.ActiveCfg = Debug|x64
		{FB0009BE-A9E9-45C5-AC2C-14270F1D691D}.Debug|x64.Build.0 = Debug|x64
		{FB0009BE-A9E9-45C5-AC2C-14270F1D691D}.Debug|x86.ActiveCfg = Debug|Win32
		{FB0009BE-A9E9-45C5-AC2C-14270F1D691D}.Debug|x86.Build.0 = Debug|Win32
		{FB0009BE-A9E9-45C5-AC2C-14270F1D691D}.Release|x64.ActiveCfg = Release|x64
		{FB0009BE-A9E9-45C5-AC2C-14270F1D691D}.Release|x64.Build.0 = Release|x64
		{FB0009BE-A9E9-45C5-AC2C-14270F1D691D}.Release|x86.ActiveCfg = Release|Win32
		{FB0009BE-A9E9-45C5-AC2C-14270F1D691D}.Release|x86.Build.0 = Release|Win32
		{3CD8174E-514B-4F1A-9F33-130CEEF336EE}.Debug|x64.ActiveCfg = Debug|x64
		{3CD8174E-514B-4F1A-9F33-130CEEF336EE}.Debug|x64.Build.0 = Debug|x64
		{3CD8174E-514B-4F1A-9F33-130CEEF336EE}.Debug|x86.ActiveCfg = Release|Win32
		{3CD8174E-514B-4F1A-9F33-130CEEF336EE}.Debug|x86.Build.0 = Release|Win32
		{3CD8174E-514B-4F1A-9F33-130CEEF336EE}.Release|x64.ActiveCfg = Release|x64
		{3CD8174E-514B-4F1A-9F33-130CEEF336EE}.Release|x64.Build.0 = Release|x64
		{3CD8174E-514B-4F1A-9F33-130CEEF336EE}.Release|x86.ActiveCfg = Release|Win32
		{3CD8174E-514B-4F1A-9F33-130CEEF336EE}.Release|x86.Build.0 = Release|Win32
		{07A3E777-DB0D-464B-BEA1-3329B037D63E}.Debug|x64.ActiveCfg = Debug|x64
		{07A3E777-DB0D-464B-BEA1-3329B037D63E}.Debug|x64.Build.0 = Debug|x64
		{07A3E777-DB0D-464B-BEA1-3329B037D63E}.Debug|x86.ActiveCfg = Debug|Win32
		{07A3E777-DB0D-464B-BEA1-3329B037D63E}.Debug|x86.Build.0 = Debug|Win32
		{07A3E777-DB0D-464B-BEA1-3329B037D63E}.Release|x64.ActiveCfg = Release|x64
		{07A3E777-DB0D-464B-BEA1-3329B037D63E}.Release|x64.Build.0 = Release|x64
		{07A3E777-DB0D-464B-BEA1-3329B037D63E}.Release|x86.ActiveCfg = Release|Win32
		{07A3E777-DB0D-464B-BEA1-3329B037D63E}.Release|x86.Build.0 = Release|Win32
		{62206043-08C7-4767-AB76-E4E27CB3C00D}.Debug|x64.ActiveCfg = Debug|x64
		{62206043-08C7-4767-AB76-E4E27CB3C00D}.Debug|x64.Build.0 = Debug|x64
		{62206043-08C7-4767-AB76-E4E27CB3C00D}.Debug|x86.ActiveCfg = Debug|Win32
		{62206043-08C7-4767-AB76-E4E27CB3C00D}.Debug|x86.Build.0 = Debug|Win32
		{62206043-08C7-4767-AB76-E4E27CB3C00D}.Release|x64.ActiveCfg = Release|x64
		{62206043-08C7-4767-AB76-E4E27CB3C00D}.Release|x64.Build.0 = Release|x64
		{62206043-08C7-4767-AB76-E4E27CB3C00D}.Release|x86.ActiveCfg = Release|Win32
		{62206043-08C7-4767-AB76-E4E27CB3C00D}.Release|x86.Build.0 = Release|Win32
	EndGlobalSection
	GlobalSection(SolutionProperties) = preSolution
		HideSolutionNode = FALSE
	EndGlobalSection
	GlobalSection(ExtensibilityGlobals) = postSolution
		SolutionGuid = {B06C3EE7-1801-4973-B49C-3A632490A67B}
	EndGlobalSection
EndGlobal
